
Microsoft Visual Studio Solution File, Format Version 12.00
# Visual Studio 2012
Project("{FAE04EC0-301F-11D3-BF4B-00C04F79EFBC}") = "ExpressionHelper", "ExpressionHelper\ExpressionHelper.csproj", "{54CF0980-FD8B-48EF-8C5E-351D487BC63A}"
EndProject
Project("{FAE04EC0-301F-11D3-BF4B-00C04F79EFBC}") = "Demo", "Demo\Demo.csproj", "{5CAEC32D-1E29-4317-81B5-8FF97B389851}"
EndProject
Global
	GlobalSection(SolutionConfigurationPlatforms) = preSolution
		Debug|Any CPU = Debug|Any CPU
		Release|Any CPU = Release|Any CPU
	EndGlobalSection
	GlobalSection(ProjectConfigurationPlatforms) = postSolution
		{54CF0980-FD8B-48EF-8C5E-351D487BC63A}.Debug|Any CPU.ActiveCfg = Debug|Any CPU
		{54CF0980-FD8B-48EF-8C5E-351D487BC63A}.Debug|Any CPU.Build.0 = Debug|Any CPU
		{54CF0980-FD8B-48EF-8C5E-351D487BC63A}.Release|Any CPU.ActiveCfg = Release|Any CPU
		{54CF0980-FD8B-48EF-8C5E-351D487BC63A}.Release|Any CPU.Build.0 = Release|Any CPU
		{5CAEC32D-1E29-4317-81B5-8FF97B389851}.Debug|Any CPU.ActiveCfg = Debug|Any CPU
		{5CAEC32D-1E29-4317-81B5-8FF97B389851}.Debug|Any CPU.Build.0 = Debug|Any CPU
		{5CAEC32D-1E29-4317-81B5-8FF97B389851}.Release|Any CPU.ActiveCfg = Release|Any CPU
		{5CAEC32D-1E29-4317-81B5-8FF97B389851}.Release|Any CPU.Build.0 = Release|Any CPU
	EndGlobalSection
	GlobalSection(SolutionProperties) = preSolution
		HideSolutionNode = FALSE
	EndGlobalSection
EndGlobal
